lockfileVersion: '9.0'

settings:
  autoInstallPeers: true
  excludeLinksFromLockfile: false

importers:

  .:
    dependencies:
      '@vitest/pretty-format':
        specifier: ^2.1.3
        version: 2.1.3

packages:

  '@vitest/pretty-format@2.1.3':
    resolution: {integrity: sha512-XH1XdtoLZCpqV59KRbPrIhFCOO0hErxrQCMcvnQete3Vibb9UeIOX02uFPfVn3Z9ZXsq78etlfyhnkmIZSzIwQ==}

  tinyrainbow@1.2.0:
    resolution: {integrity: sha512-weEDEq7Z5eTHPDh4xjX789+fHfF+P8boiFB+0vbWzpbnbsEr/GRaohi/uMKxg8RZMXnl1ItAi/IUHWMsjDV7kQ==}
    engines: {node: '>=14.0.0'}

snapshots:

  '@vitest/pretty-format@2.1.3':
    dependencies:
      tinyrainbow: 1.2.0

  tinyrainbow@1.2.0: {}
